
Microsoft Visual Studio Solution File, Format Version 12.00
# Visual Studio Version 17
VisualStudioVersion = 17.0.32112.339
MinimumVisualStudioVersion = 10.0.40219.1
Project("{FAE04EC0-301F-11D3-BF4B-00C04F79EFBC}") = "Les1", "Les1\Les1.csproj", "{634C5092-AEFA-495A-9DDF-CB2A639C2C41}"
EndProject
Global
	GlobalSection(SolutionConfigurationPlatforms) = preSolution
		Debug|Any CPU = Debug|Any CPU
		Release|Any CPU = Release|Any CPU
	EndGlobalSection
	GlobalSection(ProjectConfigurationPlatforms) = postSolution
		{634C5092-AEFA-495A-9DDF-CB2A639C2C41}.Debug|Any CPU.ActiveCfg = Debug|Any CPU
		{634C5092-AEFA-495A-9DDF-CB2A639C2C41}.Debug|Any CPU.Build.0 = Debug|Any CPU
		{634C5092-AEFA-495A-9DDF-CB2A639C2C41}.Release|Any CPU.ActiveCfg = Release|Any CPU
		{634C5092-AEFA-495A-9DDF-CB2A639C2C41}.Release|Any CPU.Build.0 = Release|Any CPU
	EndGlobalSection
	GlobalSection(SolutionProperties) = preSolution
		HideSolutionNode = FALSE
	EndGlobalSection
	GlobalSection(ExtensibilityGlobals) = postSolution
		SolutionGuid = {56FBE8C7-66C5-4DB7-AA6C-F3D6D20296E2}
	EndGlobalSection
EndGlobal
